
Microsoft Visual Studio Solution File, Format Version 12.00
# Visual Studio 15
VisualStudioVersion = 15.0.28307.136
MinimumVisualStudioVersion = 10.0.40219.1
Project("{FAE04EC0-301F-11D3-BF4B-00C04F79EFBC}") = "course", "course\course.csproj", "{853FAD24-A026-42FE-9204-4D177A58810D}"
EndProject
Global
	GlobalSection(SolutionConfigurationPlatforms) = preSolution
		Debug|Any CPU = Debug|Any CPU
		Release|Any CPU = Release|Any CPU
	EndGlobalSection
	GlobalSection(ProjectConfigurationPlatforms) = postSolution
		{853FAD24-A026-42FE-9204-4D177A58810D}.Debug|Any CPU.ActiveCfg = Debug|Any CPU
		{853FAD24-A026-42FE-9204-4D177A58810D}.Debug|Any CPU.Build.0 = Debug|Any CPU
		{853FAD24-A026-42FE-9204-4D177A58810D}.Release|Any CPU.ActiveCfg = Release|Any CPU
		{853FAD24-A026-42FE-9204-4D177A58810D}.Release|Any CPU.Build.0 = Release|Any CPU
	EndGlobalSection
	GlobalSection(SolutionProperties) = preSolution
		HideSolutionNode = FALSE
	EndGlobalSection
	GlobalSection(ExtensibilityGlobals) = postSolution
		SolutionGuid = {474F7859-B877-465F-9E68-37285705713A}
	EndGlobalSection
EndGlobal
